<?xml version="1.0" encoding="utf-8"?>
<Project ToolsVersion="4.0" xmlns="http://schemas.microsoft.com/developer/msbuild/2003">
  <ItemGroup>
    <Filter Include="dataset">
      <UniqueIdentifier>{e0256a83-2d6c-4f65-b2f3-15ee5f4879d6}</UniqueIdentifier>
    </Filter>
    <Filter Include="nodes">
      <UniqueIdentifier>{e6a39c5e-04b3-45e4-a98e-2e112916f5d8}</UniqueIdentifier>
    </Filter>
    <Filter Include="nodes\globals">
      <UniqueIdentifier>{f3fbcb48-7d80-424c-9eb2-913f1c15ed26}</UniqueIdentifier>
    </Filter>
    <Filter Include="dataset\node">
      <UniqueIdentifier>{0bd26116-02bf-4bd8-906c-074e3f0d4afd}</UniqueIdentifier>
    </Filter>
    <Filter Include="eval">
      <UniqueIdentifier>{32a60013-326d-4575-95af-f5d6ea1204d7}</UniqueIdentifier>
    </Filter>
    <Filter Include="nodes\utility">
      <UniqueIdentifier>{5957b6b1-e9a5-4c1d-90d2-6bfb1bcf4b83}</UniqueIdentifier>
    </Filter>
    <Filter Include="nodes\math">
      <UniqueIdentifier>{ea75e9fd-72e7-4dbb-ac5f-a671713ff94a}</UniqueIdentifier>
    </Filter>
    <Filter Include="tools">
      <UniqueIdentifier>{f293478d-ee17-46e7-8a15-5be8c1b39e0f}</UniqueIdentifier>
    </Filter>
  </ItemGroup>
  <ItemGroup>
    <ClCompile Include="..\..\..\source\RegistRTTR.cpp">
      <Filter>tools</Filter>
    </ClCompile>
    <ClCompile Include="..\..\..\source\Node.cpp">
      <Filter>dataset\node</Filter>
    </ClCompile>
    <ClCompile Include="..\..\..\source\VOP.cpp" />
    <ClCompile Include="..\..\..\source\node\GeoGlobalParams.cpp">
      <Filter>nodes\globals</Filter>
    </ClCompile>
    <ClCompile Include="..\..\..\source\node\GeoOutputVars.cpp">
      <Filter>nodes\globals</Filter>
    </ClCompile>
    <ClCompile Include="..\..\..\source\Evaluator.cpp">
      <Filter>eval</Filter>
    </ClCompile>
    <ClCompile Include="..\..\..\source\node\Subnetwork.cpp">
      <Filter>nodes\utility</Filter>
    </ClCompile>
    <ClCompile Include="..\..\..\source\node\Constant.cpp">
      <Filter>nodes\utility</Filter>
    </ClCompile>
    <ClCompile Include="..\..\..\source\node\Add.cpp">
      <Filter>nodes\math</Filter>
    </ClCompile>
    <ClCompile Include="..\..\..\source\node\Multiply.cpp">
      <Filter>nodes\math</Filter>
    </ClCompile>
    <ClCompile Include="..\..\..\source\NodeHelper.cpp">
      <Filter>tools</Filter>
    </ClCompile>
  </ItemGroup>
  <ItemGroup>
    <ClInclude Include="..\..\..\include\vop\Node.h">
      <Filter>dataset\node</Filter>
    </ClInclude>
    <ClInclude Include="..\..\..\include\vop\VOP.h" />
    <ClInclude Include="..\..\..\include\vop\node\GeoGlobalParams.h">
      <Filter>nodes\globals</Filter>
    </ClInclude>
    <ClInclude Include="..\..\..\include\vop\node\GeoOutputVars.h">
      <Filter>nodes\globals</Filter>
    </ClInclude>
    <ClInclude Include="..\..\..\include\vop\Evaluator.h">
      <Filter>eval</Filter>
    </ClInclude>
    <ClInclude Include="..\..\..\include\vop\node\Subnetwork.h">
      <Filter>nodes\utility</Filter>
    </ClInclude>
    <ClInclude Include="..\..\..\include\vop\node\Constant.h">
      <Filter>nodes\utility</Filter>
    </ClInclude>
    <ClInclude Include="..\..\..\include\vop\node\Add.h">
      <Filter>nodes\math</Filter>
    </ClInclude>
    <ClInclude Include="..\..\..\include\vop\node\Multiply.h">
      <Filter>nodes\math</Filter>
    </ClInclude>
    <ClInclude Include="..\..\..\include\vop\typedef.h" />
    <ClInclude Include="..\..\..\include\vop\NodeHelper.h">
      <Filter>tools</Filter>
    </ClInclude>
  </ItemGroup>
</Project>